<?xml version="1.0" encoding="utf-8"?>
<Project ToolsVersion="4.0" xmlns="http://schemas.microsoft.com/developer/msbuild/2003">
  <ItemGroup>
    <Filter Include="Source Files">
      <UniqueIdentifier>{4FC737F1-C7A5-4376-A066-2A32D752A2FF}</UniqueIdentifier>
      <Extensions>cpp;c;cc;cxx;def;odl;idl;hpj;bat;asm;asmx</Extensions>
    </Filter>
    <Filter Include="Header Files">
      <UniqueIdentifier>{93995380-89BD-4b04-88EB-625FBE52EBFB}</UniqueIdentifier>
      <Extensions>h;hh;hpp;hxx;hm;inl;inc;xsd</Extensions>
    </Filter>
    <Filter Include="Engine">
      <UniqueIdentifier>{f7566477-288d-478d-b7d0-c31cf8a5c67e}</UniqueIdentifier>
    </Filter>
    <Filter Include="Being worked on">
      <UniqueIdentifier>{d6406d72-4a65-4021-8bdf-075a39d54a7a}</UniqueIdentifier>
    </Filter>
    <Filter Include="To be deleted / redone">
      <UniqueIdentifier>{1caede58-4bd3-4b03-b024-ef6f6ff1167b}</UniqueIdentifier>
    </Filter>
    <Filter Include="Shaders">
      <UniqueIdentifier>{67DA6AB6-F800-4c08-8B7A-83BB121AAD01}</UniqueIdentifier>
      <Extensions>rc;ico;cur;bmp;dlg;rc2;rct;bin;rgs;gif;jpg;jpeg;jpe;resx;tiff;tif;png;wav;mfcribbon-ms</Extensions>
    </Filter>
    <Filter Include="Shaders\Cubemaps / Skybox">
      <UniqueIdentifier>{68aade35-84ed-4412-80ba-63088548c839}</UniqueIdentifier>
    </Filter>
    <Filter Include="Shaders\Model shader">
      <UniqueIdentifier>{0bef32ba-1a77-4dcf-a18a-9a057cfe82ad}</UniqueIdentifier>
    </Filter>
    <Filter Include="Shaders\Shadowmap shaders">
      <UniqueIdentifier>{6dabc4b0-f66f-4d53-9b3b-740261487a5a}</UniqueIdentifier>
    </Filter>
    <Filter Include="Shaders\Texture only">
      <UniqueIdentifier>{65cca100-ca89-4def-b07e-44b2d6444f05}</UniqueIdentifier>
    </Filter>
    <Filter Include="Shaders\Unused">
      <UniqueIdentifier>{5d86fb33-3f44-4257-97b9-9cdc7b8be3bf}</UniqueIdentifier>
    </Filter>
    <Filter Include="Being worked on\February">
      <UniqueIdentifier>{76cc8627-93b5-433d-a3b6-5babe0b004ac}</UniqueIdentifier>
    </Filter>
  </ItemGroup>
  <ItemGroup>
    <ClCompile Include="main.cpp">
      <Filter>Source Files</Filter>
    </ClCompile>
    <ClCompile Include="hudManager.cpp">
      <Filter>Engine</Filter>
    </ClCompile>
    <ClCompile Include="loadBitmap.cpp">
      <Filter>Engine</Filter>
    </ClCompile>
    <ClCompile Include="MeshManager.cpp">
      <Filter>Engine</Filter>
    </ClCompile>
    <ClCompile Include="ShaderManager.cpp">
      <Filter>Engine</Filter>
    </ClCompile>
    <ClCompile Include="Skybox.cpp">
      <Filter>Engine</Filter>
    </ClCompile>
    <ClCompile Include="SceneManager.cpp">
      <Filter>Being worked on</Filter>
    </ClCompile>
    <ClCompile Include="btShapeManager.cpp">
      <Filter>Being worked on</Filter>
    </ClCompile>
    <ClCompile Include="SDLmanager.cpp">
      <Filter>Source Files</Filter>
    </ClCompile>
    <ClCompile Include="Player.cpp">
      <Filter>Being worked on</Filter>
    </ClCompile>
    <ClCompile Include="SoundManager.cpp">
      <Filter>Being worked on\February</Filter>
    </ClCompile>
    <ClCompile Include="Projectile.cpp">
      <Filter>Being worked on\February</Filter>
    </ClCompile>
    <ClCompile Include="Mesh.cpp">
      <Filter>Engine</Filter>
    </ClCompile>
    <ClCompile Include="Model.cpp">
      <Filter>Engine</Filter>
    </ClCompile>
  </ItemGroup>
  <ItemGroup>
    <ClInclude Include="ShaderManager.h">
      <Filter>Header Files</Filter>
    </ClInclude>
    <ClInclude Include="MeshManager.h">
      <Filter>Header Files</Filter>
    </ClInclude>
    <ClInclude Include="loadBitmap.h">
      <Filter>Header Files</Filter>
    </ClInclude>
    <ClInclude Include="hudManager.h">
      <Filter>Header Files</Filter>
    </ClInclude>
    <ClInclude Include="Skybox.h">
      <Filter>Header Files</Filter>
    </ClInclude>
    <ClInclude Include="Mesh.h">
      <Filter>Header Files</Filter>
    </ClInclude>
    <ClInclude Include="SceneManager.h">
      <Filter>Being worked on</Filter>
    </ClInclude>
    <ClInclude Include="main.h">
      <Filter>Source Files</Filter>
    </ClInclude>
    <ClInclude Include="Model.h">
      <Filter>Header Files</Filter>
    </ClInclude>
    <ClInclude Include="btShapeManager.h">
      <Filter>Being worked on</Filter>
    </ClInclude>
    <ClInclude Include="SDLmanager.h">
      <Filter>Source Files</Filter>
    </ClInclude>
    <ClInclude Include="Player.h">
      <Filter>Being worked on</Filter>
    </ClInclude>
    <ClInclude Include="Projectile.h">
      <Filter>Being worked on\February</Filter>
    </ClInclude>
    <ClInclude Include="SoundManager.h">
      <Filter>Being worked on\February</Filter>
    </ClInclude>
    <ClInclude Include="bass.h">
      <Filter>Being worked on\February</Filter>
    </ClInclude>
  </ItemGroup>
  <ItemGroup>
    <None Include="Shaders\cubeMap.frag">
      <Filter>Shaders\Cubemaps / Skybox</Filter>
    </None>
    <None Include="Shaders\cubeMap.vert">
      <Filter>Shaders\Cubemaps / Skybox</Filter>
    </None>
    <None Include="Shaders\modelLoading.frag">
      <Filter>Shaders\Model shader</Filter>
    </None>
    <None Include="Shaders\modelLoading.vert">
      <Filter>Shaders\Model shader</Filter>
    </None>
    <None Include="Shaders\simpleShadowMap.frag">
      <Filter>Shaders\Shadowmap shaders</Filter>
    </None>
    <None Include="Shaders\simpleShadowMap.gs">
      <Filter>Shaders\Shadowmap shaders</Filter>
    </None>
    <None Include="Shaders\simpleShadowMap.vert">
      <Filter>Shaders\Shadowmap shaders</Filter>
    </None>
    <None Include="Shaders\textured.vert">
      <Filter>Shaders\Texture only</Filter>
    </None>
    <None Include="Shaders\textured.frag">
      <Filter>Shaders\Texture only</Filter>
    </None>
    <None Include="Shaders\phong-tex.frag">
      <Filter>Shaders\Unused</Filter>
    </None>
    <None Include="Shaders\phong-tex.vert">
      <Filter>Shaders\Unused</Filter>
    </None>
  </ItemGroup>
</Project>